
Microsoft Visual Studio Solution File, Format Version 11.00
# Visual Studio 2010
Project("{FAE04EC0-301F-11D3-BF4B-00C04F79EFBC}") = "FindChangeSet", "FindChangeSet.csproj", "{FF176E0E-3AB5-4A32-9FEA-D0135827158D}"
EndProject
Global
	GlobalSection(SolutionConfigurationPlatforms) = preSolution
		Debug|x86 = Debug|x86
		Release|x86 = Release|x86
	EndGlobalSection
	GlobalSection(ProjectConfigurationPlatforms) = postSolution
		{FF176E0E-3AB5-4A32-9FEA-D0135827158D}.Debug|x86.ActiveCfg = Debug|x86
		{FF176E0E-3AB5-4A32-9FEA-D0135827158D}.Debug|x86.Build.0 = Debug|x86
		{FF176E0E-3AB5-4A32-9FEA-D0135827158D}.Release|x86.ActiveCfg = Release|x86
		{FF176E0E-3AB5-4A32-9FEA-D0135827158D}.Release|x86.Build.0 = Release|x86
	EndGlobalSection
	GlobalSection(SolutionProperties) = preSolution
		HideSolutionNode = FALSE
	EndGlobalSection
EndGlobal
